<?xml version="1.0" encoding="utf-8"?>
<Project ToolsVersion="4.0" xmlns="http://schemas.microsoft.com/developer/msbuild/2003">
  <ItemGroup>
    <Filter Include="Source Files">
      <UniqueIdentifier>{4FC737F1-C7A5-4376-A066-2A32D752A2FF}</UniqueIdentifier>
      <Extensions>cpp;c;cc;cxx;c++;cppm;ixx;def;odl;idl;hpj;bat;asm;asmx</Extensions>
    </Filter>
    <Filter Include="Header Files">
      <UniqueIdentifier>{93995380-89BD-4b04-88EB-625FBE52EBFB}</UniqueIdentifier>
      <Extensions>h;hh;hpp;hxx;h++;hm;inl;inc;ipp;xsd</Extensions>
    </Filter>
    <Filter Include="Resource Files">
      <UniqueIdentifier>{67DA6AB6-F800-4c08-8B7A-83BB121AAD01}</UniqueIdentifier>
      <Extensions>rc;ico;cur;bmp;dlg;rc2;rct;bin;rgs;gif;jpg;jpeg;jpe;resx;tiff;tif;png;wav;mfcribbon-ms</Extensions>
    </Filter>
    <Filter Include="lib">
      <UniqueIdentifier>{719aed58-5070-462f-90db-c037696c2c06}</UniqueIdentifier>
    </Filter>
    <Filter Include="lib\Duck">
      <UniqueIdentifier>{9ed7ea35-7f34-43d9-b652-06bcefd72a3f}</UniqueIdentifier>
    </Filter>
    <Filter Include="lib\Duck\Fly">
      <UniqueIdentifier>{8b26a057-0e75-427a-baac-97fd6487cf74}</UniqueIdentifier>
    </Filter>
    <Filter Include="lib\Duck\Dance">
      <UniqueIdentifier>{916c9611-1ef3-4098-870d-5dc29063389e}</UniqueIdentifier>
    </Filter>
    <Filter Include="lib\Duck\Quack">
      <UniqueIdentifier>{52a93da6-0783-4f23-b3be-d0a2625e210c}</UniqueIdentifier>
    </Filter>
  </ItemGroup>
  <ItemGroup>
    <ClInclude Include="..\DuckFlyStates\DuckFunctions.h">
      <Filter>lib</Filter>
    </ClInclude>
    <ClInclude Include="..\DuckFlyStates\DecoyDuck.h">
      <Filter>lib\Duck</Filter>
    </ClInclude>
    <ClInclude Include="..\DuckFlyStates\Duck.h">
      <Filter>lib\Duck</Filter>
    </ClInclude>
    <ClInclude Include="..\DuckFlyStates\MallardDuck.h">
      <Filter>lib\Duck</Filter>
    </ClInclude>
    <ClInclude Include="..\DuckFlyStates\ModelDuck.h">
      <Filter>lib\Duck</Filter>
    </ClInclude>
    <ClInclude Include="..\DuckFlyStates\RedheadDuck.h">
      <Filter>lib\Duck</Filter>
    </ClInclude>
    <ClInclude Include="..\DuckFlyStates\RubberDuck.h">
      <Filter>lib\Duck</Filter>
    </ClInclude>
    <ClInclude Include="..\DuckFlyStates\FlyNoWay.h">
      <Filter>lib\Duck\Fly</Filter>
    </ClInclude>
    <ClInclude Include="..\DuckFlyStates\FlyWithWings.h">
      <Filter>lib\Duck\Fly</Filter>
    </ClInclude>
    <ClInclude Include="..\DuckFlyStates\IFlyBehavior.h">
      <Filter>lib\Duck\Fly</Filter>
    </ClInclude>
    <ClInclude Include="..\DuckFlyStates\DanceMinuet.h">
      <Filter>lib\Duck\Dance</Filter>
    </ClInclude>
    <ClInclude Include="..\DuckFlyStates\DanceWaltz.h">
      <Filter>lib\Duck\Dance</Filter>
    </ClInclude>
    <ClInclude Include="..\DuckFlyStates\IDanceBehavior.h">
      <Filter>lib\Duck\Dance</Filter>
    </ClInclude>
    <ClInclude Include="..\DuckFlyStates\NotDance.h">
      <Filter>lib\Duck\Dance</Filter>
    </ClInclude>
    <ClInclude Include="..\DuckFlyStates\IQuackBehavior.h">
      <Filter>lib\Duck\Quack</Filter>
    </ClInclude>
    <ClInclude Include="..\DuckFlyStates\QuackBehavior.h">
      <Filter>lib\Duck\Quack</Filter>
    </ClInclude>
    <ClInclude Include="..\DuckFlyStates\MuteQuackBehavior.h">
      <Filter>lib\Duck\Quack</Filter>
    </ClInclude>
    <ClInclude Include="..\DuckFlyStates\SqueakBehavior.h">
      <Filter>lib\Duck\Quack</Filter>
    </ClInclude>
  </ItemGroup>
  <ItemGroup>
    <ClCompile Include="..\DuckFlyStates\SimUDuck.cpp">
      <Filter>Source Files</Filter>
    </ClCompile>
  </ItemGroup>
</Project>